
Microsoft Visual Studio Solution File, Format Version 12.00
# Visual Studio Version 17
VisualStudioVersion = 17.9.34728.123
MinimumVisualStudioVersion = 10.0.40219.1
Project("{9A19103F-16F7-4668-BE54-9A1E7A4F7556}") = "MedicamentApp", "MedicationApp\MedicamentApp.csproj", "{296C6ACA-170C-4D46-8B4E-040F04A5790B}"
EndProject
Project("{FAE04EC0-301F-11D3-BF4B-00C04F79EFBC}") = "MedicationAppTests", "MedicationAppTests\MedicationAppTests.csproj", "{77B55482-06E6-4BAB-AE9A-E672DB1F31F1}"
EndProject
Global
	GlobalSection(SolutionConfigurationPlatforms) = preSolution
		Debug|Any CPU = Debug|Any CPU
		Release|Any CPU = Release|Any CPU
	EndGlobalSection
	GlobalSection(ProjectConfigurationPlatforms) = postSolution
		{296C6ACA-170C-4D46-8B4E-040F04A5790B}.Debug|Any CPU.ActiveCfg = Debug|Any CPU
		{296C6ACA-170C-4D46-8B4E-040F04A5790B}.Debug|Any CPU.Build.0 = Debug|Any CPU
		{296C6ACA-170C-4D46-8B4E-040F04A5790B}.Release|Any CPU.ActiveCfg = Release|Any CPU
		{296C6ACA-170C-4D46-8B4E-040F04A5790B}.Release|Any CPU.Build.0 = Release|Any CPU
		{77B55482-06E6-4BAB-AE9A-E672DB1F31F1}.Debug|Any CPU.ActiveCfg = Debug|Any CPU
		{77B55482-06E6-4BAB-AE9A-E672DB1F31F1}.Debug|Any CPU.Build.0 = Debug|Any CPU
		{77B55482-06E6-4BAB-AE9A-E672DB1F31F1}.Release|Any CPU.ActiveCfg = Release|Any CPU
		{77B55482-06E6-4BAB-AE9A-E672DB1F31F1}.Release|Any CPU.Build.0 = Release|Any CPU
	EndGlobalSection
	GlobalSection(SolutionProperties) = preSolution
		HideSolutionNode = FALSE
	EndGlobalSection
	GlobalSection(ExtensibilityGlobals) = postSolution
		SolutionGuid = {865634F0-C338-4278-AB33-F5DE3A3F7606}
	EndGlobalSection
EndGlobal
